
Microsoft Visual Studio Solution File, Format Version 12.00
# Visual Studio Version 16
VisualStudioVersion = 16.0.30413.136
MinimumVisualStudioVersion = 10.0.40219.1
Project("{9A19103F-16F7-4668-BE54-9A1E7A4F7556}") = "Rubic", "Rubic.csproj", "{F7DDF72D-9B18-419B-80CE-D558B69C0543}"
EndProject
Global
	GlobalSection(SolutionConfigurationPlatforms) = preSolution
		Debug|Any CPU = Debug|Any CPU
		Release|Any CPU = Release|Any CPU
	EndGlobalSection
	GlobalSection(ProjectConfigurationPlatforms) = postSolution
		{F7DDF72D-9B18-419B-80CE-D558B69C0543}.Debug|Any CPU.ActiveCfg = Debug|Any CPU
		{F7DDF72D-9B18-419B-80CE-D558B69C0543}.Debug|Any CPU.Build.0 = Debug|Any CPU
		{F7DDF72D-9B18-419B-80CE-D558B69C0543}.Release|Any CPU.ActiveCfg = Release|Any CPU
		{F7DDF72D-9B18-419B-80CE-D558B69C0543}.Release|Any CPU.Build.0 = Release|Any CPU
	EndGlobalSection
	GlobalSection(SolutionProperties) = preSolution
		HideSolutionNode = FALSE
	EndGlobalSection
	GlobalSection(ExtensibilityGlobals) = postSolution
		SolutionGuid = {3734D645-5DDD-4EFC-B1EC-58736767E3B1}
	EndGlobalSection
EndGlobal
